# This file is autogenerated, do not edit; changes may be undone by the next 'dep ensure'.


[[projects]]
  name = "github.com/jakeschurch/collections"
  packages = [
    ".",
    "internal/cache",
    "internal/linkedlist/holdings",
    "internal/linkedlist/orders"
  ]
  revision = "09b6e5d0d8a85a5e7d6935c191fba1f42c51990e"
  version = "v0.2.1"

[[projects]]
  name = "github.com/jakeschurch/instruments"
  packages = [
    ".",
    "internal/ordering"
  ]
  revision = "2572a0316178ec940b0418bd2e685956cdf4e7bf"
  version = "v1.0.6"

[[projects]]
  name = "github.com/pkg/errors"
  packages = ["."]
  revision = "645ef00459ed84a119197bfb8d8205042c6df63d"
  version = "v0.8.0"

[solve-meta]
  analyzer-name = "dep"
  analyzer-version = 1
  inputs-digest = "ba79403f5f0bfe1b49dec2cdd968efaaa0146dd13d13d8e6c66059737c2ceb86"
  solver-name = "gps-cdcl"
  solver-version = 1
