# This file is autogenerated, do not edit; changes may be undone by the next 'dep ensure'.


[[projects]]
  name = "github.com/jakeschurch/collections"
  packages = [
    ".",
    "internal/cache",
    "internal/linkedlist/holdings",
    "internal/linkedlist/orders"
  ]
  revision = "6b3ffa82b86cb7b4793c53bf3f7d7ea1cea3d7cd"
  version = "v0.2.1"

[[projects]]
  name = "github.com/jakeschurch/instruments"
  packages = [
    ".",
    "internal/ordering"
  ]
  revision = "70ce9ab60f3ddd847ec10c0ae8d8fae5645a95ac"
  version = "v1.0.7"

[[projects]]
  name = "github.com/pkg/errors"
  packages = ["."]
  revision = "645ef00459ed84a119197bfb8d8205042c6df63d"
  version = "v0.8.0"

[solve-meta]
  analyzer-name = "dep"
  analyzer-version = 1
  inputs-digest = "a22bd23c622fe7ef77be65c5867f0a47d09898d4d63899f6df2e7c0a82806a7c"
  solver-name = "gps-cdcl"
  solver-version = 1
